
Microsoft Visual Studio Solution File, Format Version 12.00
# Visual Studio Version 16
VisualStudioVersion = 16.0.31410.357
MinimumVisualStudioVersion = 10.0.40219.1
Project("{9A19103F-16F7-4668-BE54-9A1E7A4F7556}") = "P01.LongParameterList", "P01.LongParameterList\P01.LongParameterList.csproj", "{34A1DA57-C663-4838-9490-088BFA7600D1}"
EndProject
Project("{9A19103F-16F7-4668-BE54-9A1E7A4F7556}") = "P02.RefusedBequest", "P02.RefusedBequest\P02.RefusedBequest.csproj", "{FA3B19B6-F86C-4FD6-966B-DB74E6151079}"
EndProject
Project("{9A19103F-16F7-4668-BE54-9A1E7A4F7556}") = "P03.ShotgunSurgery", "P03.ShotgunSurgery\P03.ShotgunSurgery.csproj", "{95587361-AFC1-4C03-B266-B41E31A4BFA3}"
EndProject
Project("{FAE04EC0-301F-11D3-BF4B-00C04F79EFBC}") = "P04.MiddleMan", "P04.MiddleMan\P04.MiddleMan.csproj", "{EBAEA44A-2BE0-4DA5-B8ED-534D9974241C}"
EndProject
Global
	GlobalSection(SolutionConfigurationPlatforms) = preSolution
		Debug|Any CPU = Debug|Any CPU
		Release|Any CPU = Release|Any CPU
	EndGlobalSection
	GlobalSection(ProjectConfigurationPlatforms) = postSolution
		{34A1DA57-C663-4838-9490-088BFA7600D1}.Debug|Any CPU.ActiveCfg = Debug|Any CPU
		{34A1DA57-C663-4838-9490-088BFA7600D1}.Debug|Any CPU.Build.0 = Debug|Any CPU
		{34A1DA57-C663-4838-9490-088BFA7600D1}.Release|Any CPU.ActiveCfg = Release|Any CPU
		{34A1DA57-C663-4838-9490-088BFA7600D1}.Release|Any CPU.Build.0 = Release|Any CPU
		{FA3B19B6-F86C-4FD6-966B-DB74E6151079}.Debug|Any CPU.ActiveCfg = Debug|Any CPU
		{FA3B19B6-F86C-4FD6-966B-DB74E6151079}.Debug|Any CPU.Build.0 = Debug|Any CPU
		{FA3B19B6-F86C-4FD6-966B-DB74E6151079}.Release|Any CPU.ActiveCfg = Release|Any CPU
		{FA3B19B6-F86C-4FD6-966B-DB74E6151079}.Release|Any CPU.Build.0 = Release|Any CPU
		{95587361-AFC1-4C03-B266-B41E31A4BFA3}.Debug|Any CPU.ActiveCfg = Debug|Any CPU
		{95587361-AFC1-4C03-B266-B41E31A4BFA3}.Debug|Any CPU.Build.0 = Debug|Any CPU
		{95587361-AFC1-4C03-B266-B41E31A4BFA3}.Release|Any CPU.ActiveCfg = Release|Any CPU
		{95587361-AFC1-4C03-B266-B41E31A4BFA3}.Release|Any CPU.Build.0 = Release|Any CPU
		{EBAEA44A-2BE0-4DA5-B8ED-534D9974241C}.Debug|Any CPU.ActiveCfg = Debug|Any CPU
		{EBAEA44A-2BE0-4DA5-B8ED-534D9974241C}.Debug|Any CPU.Build.0 = Debug|Any CPU
		{EBAEA44A-2BE0-4DA5-B8ED-534D9974241C}.Release|Any CPU.ActiveCfg = Release|Any CPU
		{EBAEA44A-2BE0-4DA5-B8ED-534D9974241C}.Release|Any CPU.Build.0 = Release|Any CPU
	EndGlobalSection
	GlobalSection(SolutionProperties) = preSolution
		HideSolutionNode = FALSE
	EndGlobalSection
	GlobalSection(ExtensibilityGlobals) = postSolution
		SolutionGuid = {A3CF3953-1AC6-479C-9027-38C9479A9427}
	EndGlobalSection
EndGlobal
